
Microsoft Visual Studio Solution File, Format Version 12.00
# Visual Studio Version 17
VisualStudioVersion = 17.14.36511.14
MinimumVisualStudioVersion = 10.0.40219.1
Project("{FAE04EC0-301F-11D3-BF4B-00C04F79EFBC}") = "fs-2025-a-user-accounts-with-roles-74723", "fs-2025-a-user-accounts-with-roles-74723\fs-2025-a-user-accounts-with-roles-74723.csproj", "{772E07F0-2E67-4F01-96B5-0352DA4968D3}"
EndProject
Project("{FAE04EC0-301F-11D3-BF4B-00C04F79EFBC}") = "AppApp.Domain", "App.Domain\AppApp.Domain.csproj", "{015BE386-14A7-488F-ABF4-4C962A73CD69}"
EndProject
Project("{FAE04EC0-301F-11D3-BF4B-00C04F79EFBC}") = "AppTest.Tests", "App.Tests\AppTest.Tests.csproj", "{45AB44D2-5D37-4C44-9D92-9DB4812FD1A8}"
EndProject
Global
	GlobalSection(SolutionConfigurationPlatforms) = preSolution
		Debug|Any CPU = Debug|Any CPU
		Release|Any CPU = Release|Any CPU
	EndGlobalSection
	GlobalSection(ProjectConfigurationPlatforms) = postSolution
		{772E07F0-2E67-4F01-96B5-0352DA4968D3}.Debug|Any CPU.ActiveCfg = Debug|Any CPU
		{772E07F0-2E67-4F01-96B5-0352DA4968D3}.Debug|Any CPU.Build.0 = Debug|Any CPU
		{772E07F0-2E67-4F01-96B5-0352DA4968D3}.Release|Any CPU.ActiveCfg = Release|Any CPU
		{772E07F0-2E67-4F01-96B5-0352DA4968D3}.Release|Any CPU.Build.0 = Release|Any CPU
		{015BE386-14A7-488F-ABF4-4C962A73CD69}.Debug|Any CPU.ActiveCfg = Debug|Any CPU
		{015BE386-14A7-488F-ABF4-4C962A73CD69}.Debug|Any CPU.Build.0 = Debug|Any CPU
		{015BE386-14A7-488F-ABF4-4C962A73CD69}.Release|Any CPU.ActiveCfg = Release|Any CPU
		{015BE386-14A7-488F-ABF4-4C962A73CD69}.Release|Any CPU.Build.0 = Release|Any CPU
		{45AB44D2-5D37-4C44-9D92-9DB4812FD1A8}.Debug|Any CPU.ActiveCfg = Debug|Any CPU
		{45AB44D2-5D37-4C44-9D92-9DB4812FD1A8}.Debug|Any CPU.Build.0 = Debug|Any CPU
		{45AB44D2-5D37-4C44-9D92-9DB4812FD1A8}.Release|Any CPU.ActiveCfg = Release|Any CPU
		{45AB44D2-5D37-4C44-9D92-9DB4812FD1A8}.Release|Any CPU.Build.0 = Release|Any CPU
	EndGlobalSection
	GlobalSection(SolutionProperties) = preSolution
		HideSolutionNode = FALSE
	EndGlobalSection
	GlobalSection(ExtensibilityGlobals) = postSolution
		SolutionGuid = {BF8E53B9-10CF-42A1-A9E6-59999660C287}
	EndGlobalSection
EndGlobal
